// !$*UTF8*$!
{
	archiveVersion = 1;
	classes = {
	};
	objectVersion = 50;
	objects = {

/* Begin PBXBuildFile section */
		031114AC25EF8131003A1D7C /* SelfmadeKochbuchApp.swift in Sources */ = {isa = PBXBuildFile; fileRef = 031114AB25EF8131003A1D7C /* SelfmadeKochbuchApp.swift */; };
		031114AE25EF8131003A1D7C /* ContentView.swift in Sources */ = {isa = PBXBuildFile; fileRef = 031114AD25EF8131003A1D7C /* ContentView.swift */; };
		031114B325EF8133003A1D7C /* Preview Assets.xcassets in Resources */ = {isa = PBXBuildFile; fileRef = 031114B225EF8133003A1D7C /* Preview Assets.xcassets */; };
		031114B525EF8133003A1D7C /* Persistence.swift in Sources */ = {isa = PBXBuildFile; fileRef = 031114B425EF8133003A1D7C /* Persistence.swift */; };
		031114B825EF8133003A1D7C /* SelfmadeKochbuch.xcdatamodeld in Sources */ = {isa = PBXBuildFile; fileRef = 031114B625EF8133003A1D7C /* SelfmadeKochbuch.xcdatamodeld */; };
		031114C925EF81BF003A1D7C /* Favs.swift in Sources */ = {isa = PBXBuildFile; fileRef = 031114C125EF81BE003A1D7C /* Favs.swift */; };
		031114CB25EF81BF003A1D7C /* Assets.xcassets in Resources */ = {isa = PBXBuildFile; fileRef = 031114C325EF81BF003A1D7C /* Assets.xcassets */; };
		031114CD25EF81BF003A1D7C /* AddItem.swift in Sources */ = {isa = PBXBuildFile; fileRef = 031114C525EF81BF003A1D7C /* AddItem.swift */; };
		031114CE25EF81BF003A1D7C /* ItemRow.swift in Sources */ = {isa = PBXBuildFile; fileRef = 031114C625EF81BF003A1D7C /* ItemRow.swift */; };
		0322E68625F4E58100C92FE4 /* EditView.swift in Sources */ = {isa = PBXBuildFile; fileRef = 0322E68525F4E58100C92FE4 /* EditView.swift */; };
		032E220825F3F9F3003FB4B2 /* Importieren.swift in Sources */ = {isa = PBXBuildFile; fileRef = 032E220725F3F9F3003FB4B2 /* Importieren.swift */; };
		032E220C25F3FAAA003FB4B2 /* ExIm.swift in Sources */ = {isa = PBXBuildFile; fileRef = 032E220A25F3FAA9003FB4B2 /* ExIm.swift */; };
		032E220D25F3FAAA003FB4B2 /* Helper.swift in Sources */ = {isa = PBXBuildFile; fileRef = 032E220B25F3FAA9003FB4B2 /* Helper.swift */; };
		0365D4D825F0E2F400C6BEF8 /* MainView.swift in Sources */ = {isa = PBXBuildFile; fileRef = 0365D4D725F0E2F400C6BEF8 /* MainView.swift */; };
		0365D4DB25F0E31F00C6BEF8 /* FavoritesView.swift in Sources */ = {isa = PBXBuildFile; fileRef = 0365D4DA25F0E31F00C6BEF8 /* FavoritesView.swift */; };
		03C1C94725EFF3E000351A1A /* DetailView.swift in Sources */ = {isa = PBXBuildFile; fileRef = 03C1C94625EFF3E000351A1A /* DetailView.swift */; };
		03C1C94A25EFFFFC00351A1A /* ImagePicker.swift in Sources */ = {isa = PBXBuildFile; fileRef = 03C1C94925EFFFFC00351A1A /* ImagePicker.swift */; };
		03C1C95125F0229200351A1A /* CloudKit.framework in Frameworks */ = {isa = PBXBuildFile; fileRef = 03C1C95025F0229200351A1A /* CloudKit.framework */; };
		DAA519582619D7A500795297 /* Search.swift in Sources */ = {isa = PBXBuildFile; fileRef = DAA519572619D7A500795297 /* Search.swift */; };
		DAF3760A261A17690070FE08 /* SafariView.swift in Sources */ = {isa = PBXBuildFile; fileRef = DAF37609261A17680070FE08 /* SafariView.swift */; };
		DAF37610261A29640070FE08 /* Settings.swift in Sources */ = {isa = PBXBuildFile; fileRef = DAF3760F261A29640070FE08 /* Settings.swift */; };
/* End PBXBuildFile section */

/* Begin PBXFileReference section */
		031114A825EF8131003A1D7C /* SelfmadeKochbuch.app */ = {isa = PBXFileReference; explicitFileType = wrapper.application; includeInIndex = 0; path = SelfmadeKochbuch.app; sourceTree = BUILT_PRODUCTS_DIR; };
		031114AB25EF8131003A1D7C /* SelfmadeKochbuchApp.swift */ = {isa = PBXFileReference; lastKnownFileType = sourcecode.swift; path = SelfmadeKochbuchApp.swift; sourceTree = "<group>"; };
		031114AD25EF8131003A1D7C /* ContentView.swift */ = {isa = PBXFileReference; lastKnownFileType = sourcecode.swift; path = ContentView.swift; sourceTree = "<group>"; };
		031114B225EF8133003A1D7C /* Preview Assets.xcassets */ = {isa = PBXFileReference; lastKnownFileType = folder.assetcatalog; path = "Preview Assets.xcassets"; sourceTree = "<group>"; };
		031114B425EF8133003A1D7C /* Persistence.swift */ = {isa = PBXFileReference; lastKnownFileType = sourcecode.swift; path = Persistence.swift; sourceTree = "<group>"; };
		031114B725EF8133003A1D7C /* SelfmadeKochbuch.xcdatamodel */ = {isa = PBXFileReference; lastKnownFileType = wrapper.xcdatamodel; path = SelfmadeKochbuch.xcdatamodel; sourceTree = "<group>"; };
		031114B925EF8133003A1D7C /* Info.plist */ = {isa = PBXFileReference; lastKnownFileType = text.plist.xml; path = Info.plist; sourceTree = "<group>"; };
		031114C125EF81BE003A1D7C /* Favs.swift */ = {isa = PBXFileReference; fileEncoding = 4; lastKnownFileType = sourcecode.swift; path = Favs.swift; sourceTree = "<group>"; };
		031114C325EF81BF003A1D7C /* Assets.xcassets */ = {isa = PBXFileReference; lastKnownFileType = folder.assetcatalog; path = Assets.xcassets; sourceTree = "<group>"; };
		031114C525EF81BF003A1D7C /* AddItem.swift */ = {isa = PBXFileReference; fileEncoding = 4; lastKnownFileType = sourcecode.swift; path = AddItem.swift; sourceTree = "<group>"; };
		031114C625EF81BF003A1D7C /* ItemRow.swift */ = {isa = PBXFileReference; fileEncoding = 4; lastKnownFileType = sourcecode.swift; path = ItemRow.swift; sourceTree = "<group>"; };
		0322E68525F4E58100C92FE4 /* EditView.swift */ = {isa = PBXFileReference; lastKnownFileType = sourcecode.swift; path = EditView.swift; sourceTree = "<group>"; };
		032E220725F3F9F3003FB4B2 /* Importieren.swift */ = {isa = PBXFileReference; lastKnownFileType = sourcecode.swift; path = Importieren.swift; sourceTree = "<group>"; };
		032E220A25F3FAA9003FB4B2 /* ExIm.swift */ = {isa = PBXFileReference; fileEncoding = 4; lastKnownFileType = sourcecode.swift; path = ExIm.swift; sourceTree = "<group>"; };
		032E220B25F3FAA9003FB4B2 /* Helper.swift */ = {isa = PBXFileReference; fileEncoding = 4; lastKnownFileType = sourcecode.swift; path = Helper.swift; sourceTree = "<group>"; };
		0365D4D725F0E2F400C6BEF8 /* MainView.swift */ = {isa = PBXFileReference; lastKnownFileType = sourcecode.swift; path = MainView.swift; sourceTree = "<group>"; };
		0365D4DA25F0E31F00C6BEF8 /* FavoritesView.swift */ = {isa = PBXFileReference; lastKnownFileType = sourcecode.swift; path = FavoritesView.swift; sourceTree = "<group>"; };
		03C1C94625EFF3E000351A1A /* DetailView.swift */ = {isa = PBXFileReference; lastKnownFileType = sourcecode.swift; path = DetailView.swift; sourceTree = "<group>"; };
		03C1C94925EFFFFC00351A1A /* ImagePicker.swift */ = {isa = PBXFileReference; lastKnownFileType = sourcecode.swift; path = ImagePicker.swift; sourceTree = "<group>"; };
		03C1C94D25F0227100351A1A /* SelfmadeKochbuch.entitlements */ = {isa = PBXFileReference; lastKnownFileType = text.plist.entitlements; path = SelfmadeKochbuch.entitlements; sourceTree = "<group>"; };
		03C1C95025F0229200351A1A /* CloudKit.framework */ = {isa = PBXFileReference; lastKnownFileType = wrapper.framework; name = CloudKit.framework; path = System/Library/Frameworks/CloudKit.framework; sourceTree = SDKROOT; };
		DAA519572619D7A500795297 /* Search.swift */ = {isa = PBXFileReference; lastKnownFileType = sourcecode.swift; path = Search.swift; sourceTree = "<group>"; };
		DAF37609261A17680070FE08 /* SafariView.swift */ = {isa = PBXFileReference; fileEncoding = 4; lastKnownFileType = sourcecode.swift; path = SafariView.swift; sourceTree = "<group>"; };
		DAF3760D261A25ED0070FE08 /* SelfmadeKochbuch-WithExtras.xcdatamodel */ = {isa = PBXFileReference; lastKnownFileType = wrapper.xcdatamodel; path = "SelfmadeKochbuch-WithExtras.xcdatamodel"; sourceTree = "<group>"; };
		DAF3760F261A29640070FE08 /* Settings.swift */ = {isa = PBXFileReference; lastKnownFileType = sourcecode.swift; path = Settings.swift; sourceTree = "<group>"; };
/* End PBXFileReference section */

/* Begin PBXFrameworksBuildPhase section */
		031114A525EF8131003A1D7C /* Frameworks */ = {
			isa = PBXFrameworksBuildPhase;
			buildActionMask = 2147483647;
			files = (
				03C1C95125F0229200351A1A /* CloudKit.framework in Frameworks */,
			);
			runOnlyForDeploymentPostprocessing = 0;
		};
/* End PBXFrameworksBuildPhase section */

/* Begin PBXGroup section */
		0311149F25EF8131003A1D7C = {
			isa = PBXGroup;
			children = (
				031114AA25EF8131003A1D7C /* SelfmadeKochbuch */,
				031114A925EF8131003A1D7C /* Products */,
				03C1C94F25F0229200351A1A /* Frameworks */,
			);
			sourceTree = "<group>";
		};
		031114A925EF8131003A1D7C /* Products */ = {
			isa = PBXGroup;
			children = (
				031114A825EF8131003A1D7C /* SelfmadeKochbuch.app */,
			);
			name = Products;
			sourceTree = "<group>";
		};
		031114AA25EF8131003A1D7C /* SelfmadeKochbuch */ = {
			isa = PBXGroup;
			children = (
				03C1C94D25F0227100351A1A /* SelfmadeKochbuch.entitlements */,
				031114AB25EF8131003A1D7C /* SelfmadeKochbuchApp.swift */,
				0322E68525F4E58100C92FE4 /* EditView.swift */,
				0365D4D725F0E2F400C6BEF8 /* MainView.swift */,
				031114AD25EF8131003A1D7C /* ContentView.swift */,
				032E220725F3F9F3003FB4B2 /* Importieren.swift */,
				0365D4DA25F0E31F00C6BEF8 /* FavoritesView.swift */,
				031114C625EF81BF003A1D7C /* ItemRow.swift */,
				03C1C94625EFF3E000351A1A /* DetailView.swift */,
				031114B425EF8133003A1D7C /* Persistence.swift */,
				031114C525EF81BF003A1D7C /* AddItem.swift */,
				031114C325EF81BF003A1D7C /* Assets.xcassets */,
				032E220B25F3FAA9003FB4B2 /* Helper.swift */,
				032E220A25F3FAA9003FB4B2 /* ExIm.swift */,
				03C1C94925EFFFFC00351A1A /* ImagePicker.swift */,
				031114C125EF81BE003A1D7C /* Favs.swift */,
				031114B925EF8133003A1D7C /* Info.plist */,
				031114B625EF8133003A1D7C /* SelfmadeKochbuch.xcdatamodeld */,
				031114B125EF8133003A1D7C /* Preview Content */,
				DAA519572619D7A500795297 /* Search.swift */,
				DAF3760F261A29640070FE08 /* Settings.swift */,
				DAF37609261A17680070FE08 /* SafariView.swift */,
			);
			path = SelfmadeKochbuch;
			sourceTree = "<group>";
		};
		031114B125EF8133003A1D7C /* Preview Content */ = {
			isa = PBXGroup;
			children = (
				031114B225EF8133003A1D7C /* Preview Assets.xcassets */,
			);
			path = "Preview Content";
			sourceTree = "<group>";
		};
		03C1C94F25F0229200351A1A /* Frameworks */ = {
			isa = PBXGroup;
			children = (
				03C1C95025F0229200351A1A /* CloudKit.framework */,
			);
			name = Frameworks;
			sourceTree = "<group>";
		};
/* End PBXGroup section */

/* Begin PBXNativeTarget section */
		031114A725EF8131003A1D7C /* SelfmadeKochbuch */ = {
			isa = PBXNativeTarget;
			buildConfigurationList = 031114BC25EF8133003A1D7C /* Build configuration list for PBXNativeTarget "SelfmadeKochbuch" */;
			buildPhases = (
				031114A425EF8131003A1D7C /* Sources */,
				031114A525EF8131003A1D7C /* Frameworks */,
				031114A625EF8131003A1D7C /* Resources */,
			);
			buildRules = (
			);
			dependencies = (
			);
			name = SelfmadeKochbuch;
			productName = SelfmadeKochbuch;
			productReference = 031114A825EF8131003A1D7C /* SelfmadeKochbuch.app */;
			productType = "com.apple.product-type.application";
		};
/* End PBXNativeTarget section */

/* Begin PBXProject section */
		031114A025EF8131003A1D7C /* Project object */ = {
			isa = PBXProject;
			attributes = {
				LastSwiftUpdateCheck = 1240;
				LastUpgradeCheck = 1240;
				TargetAttributes = {
					031114A725EF8131003A1D7C = {
						CreatedOnToolsVersion = 12.4;
					};
				};
			};
			buildConfigurationList = 031114A325EF8131003A1D7C /* Build configuration list for PBXProject "SelfmadeKochbuch" */;
			compatibilityVersion = "Xcode 9.3";
			developmentRegion = de;
			hasScannedForEncodings = 0;
			knownRegions = (
				Base,
				de,
			);
			mainGroup = 0311149F25EF8131003A1D7C;
			productRefGroup = 031114A925EF8131003A1D7C /* Products */;
			projectDirPath = "";
			projectRoot = "";
			targets = (
				031114A725EF8131003A1D7C /* SelfmadeKochbuch */,
			);
		};
/* End PBXProject section */

/* Begin PBXResourcesBuildPhase section */
		031114A625EF8131003A1D7C /* Resources */ = {
			isa = PBXResourcesBuildPhase;
			buildActionMask = 2147483647;
			files = (
				031114CB25EF81BF003A1D7C /* Assets.xcassets in Resources */,
				031114B325EF8133003A1D7C /* Preview Assets.xcassets in Resources */,
			);
			runOnlyForDeploymentPostprocessing = 0;
		};
/* End PBXResourcesBuildPhase section */

/* Begin PBXSourcesBuildPhase section */
		031114A425EF8131003A1D7C /* Sources */ = {
			isa = PBXSourcesBuildPhase;
			buildActionMask = 2147483647;
			files = (
				031114B525EF8133003A1D7C /* Persistence.swift in Sources */,
				032E220D25F3FAAA003FB4B2 /* Helper.swift in Sources */,
				0365D4D825F0E2F400C6BEF8 /* MainView.swift in Sources */,
				031114B825EF8133003A1D7C /* SelfmadeKochbuch.xcdatamodeld in Sources */,
				DAA519582619D7A500795297 /* Search.swift in Sources */,
				031114C925EF81BF003A1D7C /* Favs.swift in Sources */,
				DAF3760A261A17690070FE08 /* SafariView.swift in Sources */,
				0365D4DB25F0E31F00C6BEF8 /* FavoritesView.swift in Sources */,
				031114AE25EF8131003A1D7C /* ContentView.swift in Sources */,
				032E220825F3F9F3003FB4B2 /* Importieren.swift in Sources */,
				03C1C94725EFF3E000351A1A /* DetailView.swift in Sources */,
				031114CD25EF81BF003A1D7C /* AddItem.swift in Sources */,
				032E220C25F3FAAA003FB4B2 /* ExIm.swift in Sources */,
				0322E68625F4E58100C92FE4 /* EditView.swift in Sources */,
				031114AC25EF8131003A1D7C /* SelfmadeKochbuchApp.swift in Sources */,
				03C1C94A25EFFFFC00351A1A /* ImagePicker.swift in Sources */,
				031114CE25EF81BF003A1D7C /* ItemRow.swift in Sources */,
				DAF37610261A29640070FE08 /* Settings.swift in Sources */,
			);
			runOnlyForDeploymentPostprocessing = 0;
		};
/* End PBXSourcesBuildPhase section */

/* Begin XCBuildConfiguration section */
		031114BA25EF8133003A1D7C /* Debug */ = {
			isa = XCBuildConfiguration;
			buildSettings = {
				ALWAYS_SEARCH_USER_PATHS = NO;
				CLANG_ANALYZER_NONNULL = YES;
				CLANG_ANALYZER_NUMBER_OBJECT_CONVERSION = YES_AGGRESSIVE;
				CLANG_CXX_LANGUAGE_STANDARD = "gnu++14";
				CLANG_CXX_LIBRARY = "libc++";
				CLANG_ENABLE_MODULES = YES;
				CLANG_ENABLE_OBJC_ARC = YES;
				CLANG_ENABLE_OBJC_WEAK = YES;
				CLANG_WARN_BLOCK_CAPTURE_AUTORELEASING = YES;
				CLANG_WARN_BOOL_CONVERSION = YES;
				CLANG_WARN_COMMA = YES;
				CLANG_WARN_CONSTANT_CONVERSION = YES;
				CLANG_WARN_DEPRECATED_OBJC_IMPLEMENTATIONS = YES;
				CLANG_WARN_DIRECT_OBJC_ISA_USAGE = YES_ERROR;
				CLANG_WARN_DOCUMENTATION_COMMENTS = YES;
				CLANG_WARN_EMPTY_BODY = YES;
				CLANG_WARN_ENUM_CONVERSION = YES;
				CLANG_WARN_INFINITE_RECURSION = YES;
				CLANG_WARN_INT_CONVERSION = YES;
				CLANG_WARN_NON_LITERAL_NULL_CONVERSION = YES;
				CLANG_WARN_OBJC_IMPLICIT_RETAIN_SELF = YES;
				CLANG_WARN_OBJC_LITERAL_CONVERSION = YES;
				CLANG_WARN_OBJC_ROOT_CLASS = YES_ERROR;
				CLANG_WARN_QUOTED_INCLUDE_IN_FRAMEWORK_HEADER = YES;
				CLANG_WARN_RANGE_LOOP_ANALYSIS = YES;
				CLANG_WARN_STRICT_PROTOTYPES = YES;
				CLANG_WARN_SUSPICIOUS_MOVE = YES;
				CLANG_WARN_UNGUARDED_AVAILABILITY = YES_AGGRESSIVE;
				CLANG_WARN_UNREACHABLE_CODE = YES;
				CLANG_WARN__DUPLICATE_METHOD_MATCH = YES;
				COPY_PHASE_STRIP = NO;
				DEBUG_INFORMATION_FORMAT = dwarf;
				ENABLE_STRICT_OBJC_MSGSEND = YES;
				ENABLE_TESTABILITY = YES;
				GCC_C_LANGUAGE_STANDARD = gnu11;
				GCC_DYNAMIC_NO_PIC = NO;
				GCC_NO_COMMON_BLOCKS = YES;
				GCC_OPTIMIZATION_LEVEL = 0;
				GCC_PREPROCESSOR_DEFINITIONS = (
					"DEBUG=1",
					"$(inherited)",
				);
				GCC_WARN_64_TO_32_BIT_CONVERSION = YES;
				GCC_WARN_ABOUT_RETURN_TYPE = YES_ERROR;
				GCC_WARN_UNDECLARED_SELECTOR = YES;
				GCC_WARN_UNINITIALIZED_AUTOS = YES_AGGRESSIVE;
				GCC_WARN_UNUSED_FUNCTION = YES;
				GCC_WARN_UNUSED_VARIABLE = YES;
				IPHONEOS_DEPLOYMENT_TARGET = 14.4;
				MTL_ENABLE_DEBUG_INFO = INCLUDE_SOURCE;
				MTL_FAST_MATH = YES;
				ONLY_ACTIVE_ARCH = YES;
				SDKROOT = iphoneos;
				SWIFT_ACTIVE_COMPILATION_CONDITIONS = DEBUG;
				SWIFT_OPTIMIZATION_LEVEL = "-Onone";
			};
			name = Debug;
		};
		031114BB25EF8133003A1D7C /* Release */ = {
			isa = XCBuildConfiguration;
			buildSettings = {
				ALWAYS_SEARCH_USER_PATHS = NO;
				CLANG_ANALYZER_NONNULL = YES;
				CLANG_ANALYZER_NUMBER_OBJECT_CONVERSION = YES_AGGRESSIVE;
				CLANG_CXX_LANGUAGE_STANDARD = "gnu++14";
				CLANG_CXX_LIBRARY = "libc++";
				CLANG_ENABLE_MODULES = YES;
				CLANG_ENABLE_OBJC_ARC = YES;
				CLANG_ENABLE_OBJC_WEAK = YES;
				CLANG_WARN_BLOCK_CAPTURE_AUTORELEASING = YES;
				CLANG_WARN_BOOL_CONVERSION = YES;
				CLANG_WARN_COMMA = YES;
				CLANG_WARN_CONSTANT_CONVERSION = YES;
				CLANG_WARN_DEPRECATED_OBJC_IMPLEMENTATIONS = YES;
				CLANG_WARN_DIRECT_OBJC_ISA_USAGE = YES_ERROR;
				CLANG_WARN_DOCUMENTATION_COMMENTS = YES;
				CLANG_WARN_EMPTY_BODY = YES;
				CLANG_WARN_ENUM_CONVERSION = YES;
				CLANG_WARN_INFINITE_RECURSION = YES;
				CLANG_WARN_INT_CONVERSION = YES;
				CLANG_WARN_NON_LITERAL_NULL_CONVERSION = YES;
				CLANG_WARN_OBJC_IMPLICIT_RETAIN_SELF = YES;
				CLANG_WARN_OBJC_LITERAL_CONVERSION = YES;
				CLANG_WARN_OBJC_ROOT_CLASS = YES_ERROR;
				CLANG_WARN_QUOTED_INCLUDE_IN_FRAMEWORK_HEADER = YES;
				CLANG_WARN_RANGE_LOOP_ANALYSIS = YES;
				CLANG_WARN_STRICT_PROTOTYPES = YES;
				CLANG_WARN_SUSPICIOUS_MOVE = YES;
				CLANG_WARN_UNGUARDED_AVAILABILITY = YES_AGGRESSIVE;
				CLANG_WARN_UNREACHABLE_CODE = YES;
				CLANG_WARN__DUPLICATE_METHOD_MATCH = YES;
				COPY_PHASE_STRIP = NO;
				DEBUG_INFORMATION_FORMAT = "dwarf-with-dsym";
				ENABLE_NS_ASSERTIONS = NO;
				ENABLE_STRICT_OBJC_MSGSEND = YES;
				GCC_C_LANGUAGE_STANDARD = gnu11;
				GCC_NO_COMMON_BLOCKS = YES;
				GCC_WARN_64_TO_32_BIT_CONVERSION = YES;
				GCC_WARN_ABOUT_RETURN_TYPE = YES_ERROR;
				GCC_WARN_UNDECLARED_SELECTOR = YES;
				GCC_WARN_UNINITIALIZED_AUTOS = YES_AGGRESSIVE;
				GCC_WARN_UNUSED_FUNCTION = YES;
				GCC_WARN_UNUSED_VARIABLE = YES;
				IPHONEOS_DEPLOYMENT_TARGET = 14.4;
				MTL_ENABLE_DEBUG_INFO = NO;
				MTL_FAST_MATH = YES;
				SDKROOT = iphoneos;
				SWIFT_COMPILATION_MODE = wholemodule;
				SWIFT_OPTIMIZATION_LEVEL = "-O";
				VALIDATE_PRODUCT = YES;
			};
			name = Release;
		};
		031114BD25EF8133003A1D7C /* Debug */ = {
			isa = XCBuildConfiguration;
			buildSettings = {
				ASSETCATALOG_COMPILER_APPICON_NAME = AppIcon;
				ASSETCATALOG_COMPILER_GLOBAL_ACCENT_COLOR_NAME = AccentColor;
				CODE_SIGN_ENTITLEMENTS = SelfmadeKochbuch/SelfmadeKochbuch.entitlements;
				CODE_SIGN_STYLE = Automatic;
				CURRENT_PROJECT_VERSION = 1;
				DEVELOPMENT_ASSET_PATHS = "\"SelfmadeKochbuch/Preview Content\"";
				DEVELOPMENT_TEAM = 9F7J54XJAJ;
				ENABLE_PREVIEWS = YES;
				INFOPLIST_FILE = SelfmadeKochbuch/Info.plist;
				IPHONEOS_DEPLOYMENT_TARGET = 14.0;
				LD_RUNPATH_SEARCH_PATHS = (
					"$(inherited)",
					"@executable_path/Frameworks",
				);
				MARKETING_VERSION = 1.2.1;
				PRODUCT_BUNDLE_IDENTIFIER = de.Petersen.Nico.SelfmadeKochbuch;
				PRODUCT_NAME = "$(TARGET_NAME)";
				SWIFT_VERSION = 5.0;
				TARGETED_DEVICE_FAMILY = "1,2";
			};
			name = Debug;
		};
		031114BE25EF8133003A1D7C /* Release */ = {
			isa = XCBuildConfiguration;
			buildSettings = {
				ASSETCATALOG_COMPILER_APPICON_NAME = AppIcon;
				ASSETCATALOG_COMPILER_GLOBAL_ACCENT_COLOR_NAME = AccentColor;
				CODE_SIGN_ENTITLEMENTS = SelfmadeKochbuch/SelfmadeKochbuch.entitlements;
				CODE_SIGN_STYLE = Automatic;
				CURRENT_PROJECT_VERSION = 1;
				DEVELOPMENT_ASSET_PATHS = "\"SelfmadeKochbuch/Preview Content\"";
				DEVELOPMENT_TEAM = 9F7J54XJAJ;
				ENABLE_PREVIEWS = YES;
				INFOPLIST_FILE = SelfmadeKochbuch/Info.plist;
				IPHONEOS_DEPLOYMENT_TARGET = 14.0;
				LD_RUNPATH_SEARCH_PATHS = (
					"$(inherited)",
					"@executable_path/Frameworks",
				);
				MARKETING_VERSION = 1.2.1;
				PRODUCT_BUNDLE_IDENTIFIER = de.Petersen.Nico.SelfmadeKochbuch;
				PRODUCT_NAME = "$(TARGET_NAME)";
				SWIFT_VERSION = 5.0;
				TARGETED_DEVICE_FAMILY = "1,2";
			};
			name = Release;
		};
/* End XCBuildConfiguration section */

/* Begin XCConfigurationList section */
		031114A325EF8131003A1D7C /* Build configuration list for PBXProject "SelfmadeKochbuch" */ = {
			isa = XCConfigurationList;
			buildConfigurations = (
				031114BA25EF8133003A1D7C /* Debug */,
				031114BB25EF8133003A1D7C /* Release */,
			);
			defaultConfigurationIsVisible = 0;
			defaultConfigurationName = Release;
		};
		031114BC25EF8133003A1D7C /* Build configuration list for PBXNativeTarget "SelfmadeKochbuch" */ = {
			isa = XCConfigurationList;
			buildConfigurations = (
				031114BD25EF8133003A1D7C /* Debug */,
				031114BE25EF8133003A1D7C /* Release */,
			);
			defaultConfigurationIsVisible = 0;
			defaultConfigurationName = Release;
		};
/* End XCConfigurationList section */

/* Begin XCVersionGroup section */
		031114B625EF8133003A1D7C /* SelfmadeKochbuch.xcdatamodeld */ = {
			isa = XCVersionGroup;
			children = (
				DAF3760D261A25ED0070FE08 /* SelfmadeKochbuch-WithExtras.xcdatamodel */,
				031114B725EF8133003A1D7C /* SelfmadeKochbuch.xcdatamodel */,
			);
			currentVersion = DAF3760D261A25ED0070FE08 /* SelfmadeKochbuch-WithExtras.xcdatamodel */;
			path = SelfmadeKochbuch.xcdatamodeld;
			sourceTree = "<group>";
			versionGroupType = wrapper.xcdatamodel;
		};
/* End XCVersionGroup section */
	};
	rootObject = 031114A025EF8131003A1D7C /* Project object */;
}
